
Microsoft Visual Studio Solution File, Format Version 12.00
# Visual Studio Version 16
VisualStudioVersion = 16.0.30523.141
MinimumVisualStudioVersion = 10.0.40219.1
Project("{9A19103F-16F7-4668-BE54-9A1E7A4F7556}") = "Product_Catalog.MVC", "Product_Catalog.MVC\Product_Catalog.MVC.csproj", "{71A28470-C75B-427C-885A-2167BD8D15FA}"
EndProject
Project("{9A19103F-16F7-4668-BE54-9A1E7A4F7556}") = "Product_Catalog.Service", "Product_Catalog.Service\Product_Catalog.Service.csproj", "{F2962995-1431-4356-8123-0FDDF87F8951}"
EndProject
Project("{9A19103F-16F7-4668-BE54-9A1E7A4F7556}") = "Product_Catalog.Data", "Product_Catalog.Data\Product_Catalog.Data.csproj", "{EF5C82DA-416D-4DC6-87F5-3A1C6FA0EF86}"
EndProject
Project("{FAE04EC0-301F-11D3-BF4B-00C04F79EFBC}") = "Product_Catalog.DTO", "Product_Catalog.DTO\Product_Catalog.DTO.csproj", "{EFD56C27-3528-4BCE-871D-0E52DCE2ED60}"
EndProject
Global
	GlobalSection(SolutionConfigurationPlatforms) = preSolution
		Debug|Any CPU = Debug|Any CPU
		Release|Any CPU = Release|Any CPU
	EndGlobalSection
	GlobalSection(ProjectConfigurationPlatforms) = postSolution
		{71A28470-C75B-427C-885A-2167BD8D15FA}.Debug|Any CPU.ActiveCfg = Debug|Any CPU
		{71A28470-C75B-427C-885A-2167BD8D15FA}.Debug|Any CPU.Build.0 = Debug|Any CPU
		{71A28470-C75B-427C-885A-2167BD8D15FA}.Release|Any CPU.ActiveCfg = Release|Any CPU
		{71A28470-C75B-427C-885A-2167BD8D15FA}.Release|Any CPU.Build.0 = Release|Any CPU
		{F2962995-1431-4356-8123-0FDDF87F8951}.Debug|Any CPU.ActiveCfg = Debug|Any CPU
		{F2962995-1431-4356-8123-0FDDF87F8951}.Debug|Any CPU.Build.0 = Debug|Any CPU
		{F2962995-1431-4356-8123-0FDDF87F8951}.Release|Any CPU.ActiveCfg = Release|Any CPU
		{F2962995-1431-4356-8123-0FDDF87F8951}.Release|Any CPU.Build.0 = Release|Any CPU
		{EF5C82DA-416D-4DC6-87F5-3A1C6FA0EF86}.Debug|Any CPU.ActiveCfg = Debug|Any CPU
		{EF5C82DA-416D-4DC6-87F5-3A1C6FA0EF86}.Debug|Any CPU.Build.0 = Debug|Any CPU
		{EF5C82DA-416D-4DC6-87F5-3A1C6FA0EF86}.Release|Any CPU.ActiveCfg = Release|Any CPU
		{EF5C82DA-416D-4DC6-87F5-3A1C6FA0EF86}.Release|Any CPU.Build.0 = Release|Any CPU
		{EFD56C27-3528-4BCE-871D-0E52DCE2ED60}.Debug|Any CPU.ActiveCfg = Debug|Any CPU
		{EFD56C27-3528-4BCE-871D-0E52DCE2ED60}.Debug|Any CPU.Build.0 = Debug|Any CPU
		{EFD56C27-3528-4BCE-871D-0E52DCE2ED60}.Release|Any CPU.ActiveCfg = Release|Any CPU
		{EFD56C27-3528-4BCE-871D-0E52DCE2ED60}.Release|Any CPU.Build.0 = Release|Any CPU
	EndGlobalSection
	GlobalSection(SolutionProperties) = preSolution
		HideSolutionNode = FALSE
	EndGlobalSection
	GlobalSection(ExtensibilityGlobals) = postSolution
		SolutionGuid = {BB609B2E-95CA-4805-9481-6707AD3991BF}
	EndGlobalSection
EndGlobal
